
Microsoft Visual Studio Solution File, Format Version 12.00
# Visual Studio 15
VisualStudioVersion = 15.0.28010.2003
MinimumVisualStudioVersion = 10.0.40219.1
Project("{FAE04EC0-301F-11D3-BF4B-00C04F79EFBC}") = "ActiveLayout", "ActiveLayoutDMLop\ActiveLayout.csproj", "{86608504-825A-4170-AD10-0593A0B1E733}"
EndProject
Project("{FAE04EC0-301F-11D3-BF4B-00C04F79EFBC}") = "CapNhatHP", "CapNhaHP\CapNhatHP.csproj", "{1D7C6B35-1A4B-40CF-B0FD-2B2C849FDEB4}"
EndProject
Project("{FAE04EC0-301F-11D3-BF4B-00C04F79EFBC}") = "CapNhatChamCong", "CapNhatChamCong\CapNhatChamCong.csproj", "{03BEAF67-FFF3-4C4A-A505-CE24F2281394}"
EndProject
Project("{FAE04EC0-301F-11D3-BF4B-00C04F79EFBC}") = "CapNhatCL", "CapNhatCL\CapNhatCL.csproj", "{884969D2-870D-4BCF-85BA-6A8035D1E187}"
EndProject
Project("{FAE04EC0-301F-11D3-BF4B-00C04F79EFBC}") = "CapNhatTB", "CapNhatTB\CapNhatTB.csproj", "{196C669A-1BA0-4ADA-B072-2221707F15DE}"
EndProject
Project("{FAE04EC0-301F-11D3-BF4B-00C04F79EFBC}") = "ChonLich", "ChonLich\ChonLich.csproj", "{1FC049B0-0B3F-43D4-9EDA-EEC3B94759B9}"
EndProject
Project("{FAE04EC0-301F-11D3-BF4B-00C04F79EFBC}") = "DiemDanhHV", "DiemDanhHV\DiemDanhHV.csproj", "{16B54F89-77C5-4CE9-ADE5-A1185979213D}"
EndProject
Project("{FAE04EC0-301F-11D3-BF4B-00C04F79EFBC}") = "GetHPNhomLop", "GetHPNhomLop\GetHPNhomLop.csproj", "{DB587488-7DFD-428B-A47C-C8888FA1124E}"
EndProject
Project("{FAE04EC0-301F-11D3-BF4B-00C04F79EFBC}") = "HocVienCu", "HocVienCu\HocVienCu.csproj", "{962F979A-619D-4847-85DB-F4AC52996D2F}"
EndProject
Project("{FAE04EC0-301F-11D3-BF4B-00C04F79EFBC}") = "HoiThamHV", "HoiThamHV\HoiThamHV.csproj", "{62DB796E-41ED-4C57-B0D8-DAC973811E73}"
EndProject
Project("{FAE04EC0-301F-11D3-BF4B-00C04F79EFBC}") = "HVBaoLuu", "HVBaoLuu\HVBaoLuu.csproj", "{4E50004E-6723-46DE-9DDC-962F56659C35}"
EndProject
Project("{FAE04EC0-301F-11D3-BF4B-00C04F79EFBC}") = "HVChuyenLop", "HVChuyenLop\HVChuyenLop.csproj", "{88490706-CF60-4411-9BF1-3A8EAA7B4457}"
EndProject
Project("{FAE04EC0-301F-11D3-BF4B-00C04F79EFBC}") = "HVDK", "HVDK\HVDK.csproj", "{F7259907-BB6D-42C6-B2B0-77D5ED43DCBE}"
EndProject
Project("{FAE04EC0-301F-11D3-BF4B-00C04F79EFBC}") = "HVNghiHoc", "HVNghiHoc\HVNghiHoc.csproj", "{EB9D902D-C602-46A6-9E53-881A7EB78944}"
EndProject
Project("{FAE04EC0-301F-11D3-BF4B-00C04F79EFBC}") = "ImportSPNL", "ImportSPNL\ImportSPNL.csproj", "{AA3B7046-570D-4AA1-A97B-8D773B1EEDCD}"
EndProject
Project("{FAE04EC0-301F-11D3-BF4B-00C04F79EFBC}") = "KiemTraTL", "KiemTraTL\KiemTraTL.csproj", "{7B73924C-CD17-45C6-A3B5-B44864CC0CF8}"
EndProject
Project("{FAE04EC0-301F-11D3-BF4B-00C04F79EFBC}") = "LayChamCong", "LayChamCong\LayChamCong.csproj", "{FE09CFAD-27D2-4E22-BD01-5DC845756A2E}"
EndProject
Project("{FAE04EC0-301F-11D3-BF4B-00C04F79EFBC}") = "LayChamCongNV", "LayChamCongNV\LayChamCongNV.csproj", "{87CD76A8-743B-4AFC-9121-7088D2A3642A}"
EndProject
Project("{FAE04EC0-301F-11D3-BF4B-00C04F79EFBC}") = "LayDanhGia", "LayDanhGia\LayDanhGia.csproj", "{22B737E9-5D9E-49E8-9618-2E4D5AC616EE}"
EndProject
Project("{FAE04EC0-301F-11D3-BF4B-00C04F79EFBC}") = "LayDSPhatLuong", "LayDSPhatLuong\LayDSPhatLuong.csproj", "{742B3F4E-7B4B-4110-A1DF-33DF44DC8780}"
EndProject
Project("{FAE04EC0-301F-11D3-BF4B-00C04F79EFBC}") = "LichTuan", "LichTuan\LichTuan.csproj", "{0869A4DF-9CE9-45F2-89B9-E34AE6BD94F9}"
EndProject
Project("{FAE04EC0-301F-11D3-BF4B-00C04F79EFBC}") = "NhapHVTV", "NhapHVTV\NhapHVTV.csproj", "{B125E6A1-AFDE-48F6-A6F4-0FC6E5F26D3E}"
EndProject
Project("{FAE04EC0-301F-11D3-BF4B-00C04F79EFBC}") = "PBDoanhThu", "PBDoanhThu\PBDoanhThu.csproj", "{516D9B7D-85E8-4BD6-A826-D70F8E278A64}"
EndProject
Project("{FAE04EC0-301F-11D3-BF4B-00C04F79EFBC}") = "QuanLyThi", "QuanLyThi\QuanLyThi.csproj", "{E222B166-3DA6-4935-BE50-15685DC749C6}"
EndProject
Project("{FAE04EC0-301F-11D3-BF4B-00C04F79EFBC}") = "SiSoDiHoc", "SiSoDiHoc\SiSoDiHoc.csproj", "{7FA849D5-665F-4BAF-965D-CF879DE48142}"
EndProject
Project("{FAE04EC0-301F-11D3-BF4B-00C04F79EFBC}") = "SiSoDK", "SiSoDK\SiSoDK.csproj", "{834AA00E-A768-4E2C-BE32-439626D526F9}"
EndProject
Project("{FAE04EC0-301F-11D3-BF4B-00C04F79EFBC}") = "SiSoToiThieu", "SiSoToiThieu\SiSoToiThieu.csproj", "{24BF018D-621D-4A28-8EF0-97A48E9B839F}"
EndProject
Project("{FAE04EC0-301F-11D3-BF4B-00C04F79EFBC}") = "SoLanSC", "SoLanSC\SoLanSC.csproj", "{C237B1A8-6984-4FE7-99CC-A950C8B86390}"
EndProject
Project("{FAE04EC0-301F-11D3-BF4B-00C04F79EFBC}") = "SuaTenHV", "SuaTenHV\SuaTenHV.csproj", "{D514E4FD-48FB-4084-8B93-5220DF2565C1}"
EndProject
Project("{FAE04EC0-301F-11D3-BF4B-00C04F79EFBC}") = "TaoKhoaChinh", "TaoKhoaChinh\TaoKhoaChinh.csproj", "{77AA67AD-FC70-425E-9407-695723F24AEB}"
EndProject
Project("{FAE04EC0-301F-11D3-BF4B-00C04F79EFBC}") = "TaoMaHV", "TaoMaHV\TaoMaHV.csproj", "{AEF18D7D-71B9-418C-90F5-E2FD25B8A019}"
EndProject
Project("{FAE04EC0-301F-11D3-BF4B-00C04F79EFBC}") = "TaoMaLop", "TaoMaLop\TaoMaLop.csproj", "{7021F6EC-8077-423C-9EC7-4B33F5187659}"
EndProject
Project("{FAE04EC0-301F-11D3-BF4B-00C04F79EFBC}") = "TaoMaLopCT", "TaoMaLopCT\TaoMaLopCT.csproj", "{F6797B84-88FA-4C68-8DCB-CC4FB72F8C38}"
EndProject
Project("{FAE04EC0-301F-11D3-BF4B-00C04F79EFBC}") = "TaoMaNhanVien", "TaoMaNhanVien\TaoMaNhanVien.csproj", "{C031E45F-F827-43D8-B65A-239CB756C333}"
EndProject
Project("{FAE04EC0-301F-11D3-BF4B-00C04F79EFBC}") = "TaoMaTB", "TaoMaTB\TaoMaTB.csproj", "{2DDB164A-6BEF-41A5-94A4-57757DBDE0B8}"
EndProject
Project("{FAE04EC0-301F-11D3-BF4B-00C04F79EFBC}") = "TaoSoCT", "TaoSoCT\TaoSoCT.csproj", "{70675401-AEB2-442B-B7C5-52B76ADC0AC4}"
EndProject
Project("{FAE04EC0-301F-11D3-BF4B-00C04F79EFBC}") = "TempTinhSBCL", "TempTinhSBCL\TempTinhSBCL.csproj", "{D1B2F8D7-E01E-48CF-9242-CC2AA37396DD}"
EndProject
Project("{FAE04EC0-301F-11D3-BF4B-00C04F79EFBC}") = "ThuHPNo", "ThuHPNo\ThuHPNo.csproj", "{C6585BCE-31E3-444E-A862-E5D671BD17DC}"
EndProject
Project("{FAE04EC0-301F-11D3-BF4B-00C04F79EFBC}") = "TinhLuongCL", "TinhLuongCL\TinhLuongCL.csproj", "{42ED6D77-B5CE-45FE-BCE3-2EF19623CCF7}"
EndProject
Project("{FAE04EC0-301F-11D3-BF4B-00C04F79EFBC}") = "TinhLuongGVCN", "TinhLuongGVCN\TinhLuongGVCN.csproj", "{E9671172-E4B8-4959-AF04-681793F4FAAD}"
EndProject
Project("{FAE04EC0-301F-11D3-BF4B-00C04F79EFBC}") = "TinhLuongGVCT", "TinhLuongGVCT\TinhLuongGVCT.csproj", "{88A60B72-8B07-427C-A73F-A55B039F1423}"
EndProject
Project("{FAE04EC0-301F-11D3-BF4B-00C04F79EFBC}") = "TinhLuongNV", "TinhLuongNV\TinhLuongNV.csproj", "{BEC28796-53B6-46C5-9DE9-B5A7C4C927E0}"
EndProject
Project("{FAE04EC0-301F-11D3-BF4B-00C04F79EFBC}") = "TongHopLuong", "TongHopLuong\TongHopLuong.csproj", "{2CCD90BF-E9EB-47E3-8530-5D94A13AF650}"
EndProject
Project("{FAE04EC0-301F-11D3-BF4B-00C04F79EFBC}") = "XepLop", "XepLop\XepLop.csproj", "{47725085-AFDB-4C33-AEB9-B41BF84BA766}"
EndProject
Global
	GlobalSection(SolutionConfigurationPlatforms) = preSolution
		Debug|Any CPU = Debug|Any CPU
		Release|Any CPU = Release|Any CPU
	EndGlobalSection
	GlobalSection(ProjectConfigurationPlatforms) = postSolution
		{86608504-825A-4170-AD10-0593A0B1E733}.Debug|Any CPU.ActiveCfg = Debug|Any CPU
		{86608504-825A-4170-AD10-0593A0B1E733}.Debug|Any CPU.Build.0 = Debug|Any CPU
		{86608504-825A-4170-AD10-0593A0B1E733}.Release|Any CPU.ActiveCfg = Release|Any CPU
		{86608504-825A-4170-AD10-0593A0B1E733}.Release|Any CPU.Build.0 = Release|Any CPU
		{1D7C6B35-1A4B-40CF-B0FD-2B2C849FDEB4}.Debug|Any CPU.ActiveCfg = Debug|Any CPU
		{1D7C6B35-1A4B-40CF-B0FD-2B2C849FDEB4}.Debug|Any CPU.Build.0 = Debug|Any CPU
		{1D7C6B35-1A4B-40CF-B0FD-2B2C849FDEB4}.Release|Any CPU.ActiveCfg = Release|Any CPU
		{1D7C6B35-1A4B-40CF-B0FD-2B2C849FDEB4}.Release|Any CPU.Build.0 = Release|Any CPU
		{03BEAF67-FFF3-4C4A-A505-CE24F2281394}.Debug|Any CPU.ActiveCfg = Debug|Any CPU
		{03BEAF67-FFF3-4C4A-A505-CE24F2281394}.Debug|Any CPU.Build.0 = Debug|Any CPU
		{03BEAF67-FFF3-4C4A-A505-CE24F2281394}.Release|Any CPU.ActiveCfg = Release|Any CPU
		{03BEAF67-FFF3-4C4A-A505-CE24F2281394}.Release|Any CPU.Build.0 = Release|Any CPU
		{884969D2-870D-4BCF-85BA-6A8035D1E187}.Debug|Any CPU.ActiveCfg = Debug|Any CPU
		{884969D2-870D-4BCF-85BA-6A8035D1E187}.Debug|Any CPU.Build.0 = Debug|Any CPU
		{884969D2-870D-4BCF-85BA-6A8035D1E187}.Release|Any CPU.ActiveCfg = Release|Any CPU
		{884969D2-870D-4BCF-85BA-6A8035D1E187}.Release|Any CPU.Build.0 = Release|Any CPU
		{196C669A-1BA0-4ADA-B072-2221707F15DE}.Debug|Any CPU.ActiveCfg = Debug|Any CPU
		{196C669A-1BA0-4ADA-B072-2221707F15DE}.Debug|Any CPU.Build.0 = Debug|Any CPU
		{196C669A-1BA0-4ADA-B072-2221707F15DE}.Release|Any CPU.ActiveCfg = Release|Any CPU
		{196C669A-1BA0-4ADA-B072-2221707F15DE}.Release|Any CPU.Build.0 = Release|Any CPU
		{1FC049B0-0B3F-43D4-9EDA-EEC3B94759B9}.Debug|Any CPU.ActiveCfg = Debug|Any CPU
		{1FC049B0-0B3F-43D4-9EDA-EEC3B94759B9}.Debug|Any CPU.Build.0 = Debug|Any CPU
		{1FC049B0-0B3F-43D4-9EDA-EEC3B94759B9}.Release|Any CPU.ActiveCfg = Release|Any CPU
		{1FC049B0-0B3F-43D4-9EDA-EEC3B94759B9}.Release|Any CPU.Build.0 = Release|Any CPU
		{16B54F89-77C5-4CE9-ADE5-A1185979213D}.Debug|Any CPU.ActiveCfg = Debug|Any CPU
		{16B54F89-77C5-4CE9-ADE5-A1185979213D}.Debug|Any CPU.Build.0 = Debug|Any CPU
		{16B54F89-77C5-4CE9-ADE5-A1185979213D}.Release|Any CPU.ActiveCfg = Release|Any CPU
		{16B54F89-77C5-4CE9-ADE5-A1185979213D}.Release|Any CPU.Build.0 = Release|Any CPU
		{DB587488-7DFD-428B-A47C-C8888FA1124E}.Debug|Any CPU.ActiveCfg = Debug|Any CPU
		{DB587488-7DFD-428B-A47C-C8888FA1124E}.Debug|Any CPU.Build.0 = Debug|Any CPU
		{DB587488-7DFD-428B-A47C-C8888FA1124E}.Release|Any CPU.ActiveCfg = Release|Any CPU
		{DB587488-7DFD-428B-A47C-C8888FA1124E}.Release|Any CPU.Build.0 = Release|Any CPU
		{962F979A-619D-4847-85DB-F4AC52996D2F}.Debug|Any CPU.ActiveCfg = Debug|Any CPU
		{962F979A-619D-4847-85DB-F4AC52996D2F}.Debug|Any CPU.Build.0 = Debug|Any CPU
		{962F979A-619D-4847-85DB-F4AC52996D2F}.Release|Any CPU.ActiveCfg = Release|Any CPU
		{962F979A-619D-4847-85DB-F4AC52996D2F}.Release|Any CPU.Build.0 = Release|Any CPU
		{62DB796E-41ED-4C57-B0D8-DAC973811E73}.Debug|Any CPU.ActiveCfg = Debug|Any CPU
		{62DB796E-41ED-4C57-B0D8-DAC973811E73}.Debug|Any CPU.Build.0 = Debug|Any CPU
		{62DB796E-41ED-4C57-B0D8-DAC973811E73}.Release|Any CPU.ActiveCfg = Release|Any CPU
		{62DB796E-41ED-4C57-B0D8-DAC973811E73}.Release|Any CPU.Build.0 = Release|Any CPU
		{4E50004E-6723-46DE-9DDC-962F56659C35}.Debug|Any CPU.ActiveCfg = Debug|Any CPU
		{4E50004E-6723-46DE-9DDC-962F56659C35}.Debug|Any CPU.Build.0 = Debug|Any CPU
		{4E50004E-6723-46DE-9DDC-962F56659C35}.Release|Any CPU.ActiveCfg = Release|Any CPU
		{4E50004E-6723-46DE-9DDC-962F56659C35}.Release|Any CPU.Build.0 = Release|Any CPU
		{88490706-CF60-4411-9BF1-3A8EAA7B4457}.Debug|Any CPU.ActiveCfg = Debug|Any CPU
		{88490706-CF60-4411-9BF1-3A8EAA7B4457}.Debug|Any CPU.Build.0 = Debug|Any CPU
		{88490706-CF60-4411-9BF1-3A8EAA7B4457}.Release|Any CPU.ActiveCfg = Release|Any CPU
		{88490706-CF60-4411-9BF1-3A8EAA7B4457}.Release|Any CPU.Build.0 = Release|Any CPU
		{F7259907-BB6D-42C6-B2B0-77D5ED43DCBE}.Debug|Any CPU.ActiveCfg = Debug|Any CPU
		{F7259907-BB6D-42C6-B2B0-77D5ED43DCBE}.Debug|Any CPU.Build.0 = Debug|Any CPU
		{F7259907-BB6D-42C6-B2B0-77D5ED43DCBE}.Release|Any CPU.ActiveCfg = Release|Any CPU
		{F7259907-BB6D-42C6-B2B0-77D5ED43DCBE}.Release|Any CPU.Build.0 = Release|Any CPU
		{EB9D902D-C602-46A6-9E53-881A7EB78944}.Debug|Any CPU.ActiveCfg = Debug|Any CPU
		{EB9D902D-C602-46A6-9E53-881A7EB78944}.Debug|Any CPU.Build.0 = Debug|Any CPU
		{EB9D902D-C602-46A6-9E53-881A7EB78944}.Release|Any CPU.ActiveCfg = Release|Any CPU
		{EB9D902D-C602-46A6-9E53-881A7EB78944}.Release|Any CPU.Build.0 = Release|Any CPU
		{AA3B7046-570D-4AA1-A97B-8D773B1EEDCD}.Debug|Any CPU.ActiveCfg = Debug|Any CPU
		{AA3B7046-570D-4AA1-A97B-8D773B1EEDCD}.Debug|Any CPU.Build.0 = Debug|Any CPU
		{AA3B7046-570D-4AA1-A97B-8D773B1EEDCD}.Release|Any CPU.ActiveCfg = Release|Any CPU
		{AA3B7046-570D-4AA1-A97B-8D773B1EEDCD}.Release|Any CPU.Build.0 = Release|Any CPU
		{7B73924C-CD17-45C6-A3B5-B44864CC0CF8}.Debug|Any CPU.ActiveCfg = Debug|Any CPU
		{7B73924C-CD17-45C6-A3B5-B44864CC0CF8}.Debug|Any CPU.Build.0 = Debug|Any CPU
		{7B73924C-CD17-45C6-A3B5-B44864CC0CF8}.Release|Any CPU.ActiveCfg = Release|Any CPU
		{7B73924C-CD17-45C6-A3B5-B44864CC0CF8}.Release|Any CPU.Build.0 = Release|Any CPU
		{FE09CFAD-27D2-4E22-BD01-5DC845756A2E}.Debug|Any CPU.ActiveCfg = Debug|Any CPU
		{FE09CFAD-27D2-4E22-BD01-5DC845756A2E}.Debug|Any CPU.Build.0 = Debug|Any CPU
		{FE09CFAD-27D2-4E22-BD01-5DC845756A2E}.Release|Any CPU.ActiveCfg = Release|Any CPU
		{FE09CFAD-27D2-4E22-BD01-5DC845756A2E}.Release|Any CPU.Build.0 = Release|Any CPU
		{87CD76A8-743B-4AFC-9121-7088D2A3642A}.Debug|Any CPU.ActiveCfg = Debug|Any CPU
		{87CD76A8-743B-4AFC-9121-7088D2A3642A}.Debug|Any CPU.Build.0 = Debug|Any CPU
		{87CD76A8-743B-4AFC-9121-7088D2A3642A}.Release|Any CPU.ActiveCfg = Release|Any CPU
		{87CD76A8-743B-4AFC-9121-7088D2A3642A}.Release|Any CPU.Build.0 = Release|Any CPU
		{22B737E9-5D9E-49E8-9618-2E4D5AC616EE}.Debug|Any CPU.ActiveCfg = Debug|Any CPU
		{22B737E9-5D9E-49E8-9618-2E4D5AC616EE}.Debug|Any CPU.Build.0 = Debug|Any CPU
		{22B737E9-5D9E-49E8-9618-2E4D5AC616EE}.Release|Any CPU.ActiveCfg = Release|Any CPU
		{22B737E9-5D9E-49E8-9618-2E4D5AC616EE}.Release|Any CPU.Build.0 = Release|Any CPU
		{742B3F4E-7B4B-4110-A1DF-33DF44DC8780}.Debug|Any CPU.ActiveCfg = Debug|Any CPU
		{742B3F4E-7B4B-4110-A1DF-33DF44DC8780}.Debug|Any CPU.Build.0 = Debug|Any CPU
		{742B3F4E-7B4B-4110-A1DF-33DF44DC8780}.Release|Any CPU.ActiveCfg = Release|Any CPU
		{742B3F4E-7B4B-4110-A1DF-33DF44DC8780}.Release|Any CPU.Build.0 = Release|Any CPU
		{0869A4DF-9CE9-45F2-89B9-E34AE6BD94F9}.Debug|Any CPU.ActiveCfg = Debug|Any CPU
		{0869A4DF-9CE9-45F2-89B9-E34AE6BD94F9}.Debug|Any CPU.Build.0 = Debug|Any CPU
		{0869A4DF-9CE9-45F2-89B9-E34AE6BD94F9}.Release|Any CPU.ActiveCfg = Release|Any CPU
		{0869A4DF-9CE9-45F2-89B9-E34AE6BD94F9}.Release|Any CPU.Build.0 = Release|Any CPU
		{B125E6A1-AFDE-48F6-A6F4-0FC6E5F26D3E}.Debug|Any CPU.ActiveCfg = Debug|Any CPU
		{B125E6A1-AFDE-48F6-A6F4-0FC6E5F26D3E}.Debug|Any CPU.Build.0 = Debug|Any CPU
		{B125E6A1-AFDE-48F6-A6F4-0FC6E5F26D3E}.Release|Any CPU.ActiveCfg = Release|Any CPU
		{B125E6A1-AFDE-48F6-A6F4-0FC6E5F26D3E}.Release|Any CPU.Build.0 = Release|Any CPU
		{516D9B7D-85E8-4BD6-A826-D70F8E278A64}.Debug|Any CPU.ActiveCfg = Debug|Any CPU
		{516D9B7D-85E8-4BD6-A826-D70F8E278A64}.Debug|Any CPU.Build.0 = Debug|Any CPU
		{516D9B7D-85E8-4BD6-A826-D70F8E278A64}.Release|Any CPU.ActiveCfg = Release|Any CPU
		{516D9B7D-85E8-4BD6-A826-D70F8E278A64}.Release|Any CPU.Build.0 = Release|Any CPU
		{E222B166-3DA6-4935-BE50-15685DC749C6}.Debug|Any CPU.ActiveCfg = Debug|Any CPU
		{E222B166-3DA6-4935-BE50-15685DC749C6}.Debug|Any CPU.Build.0 = Debug|Any CPU
		{E222B166-3DA6-4935-BE50-15685DC749C6}.Release|Any CPU.ActiveCfg = Release|Any CPU
		{E222B166-3DA6-4935-BE50-15685DC749C6}.Release|Any CPU.Build.0 = Release|Any CPU
		{7FA849D5-665F-4BAF-965D-CF879DE48142}.Debug|Any CPU.ActiveCfg = Debug|Any CPU
		{7FA849D5-665F-4BAF-965D-CF879DE48142}.Debug|Any CPU.Build.0 = Debug|Any CPU
		{7FA849D5-665F-4BAF-965D-CF879DE48142}.Release|Any CPU.ActiveCfg = Release|Any CPU
		{7FA849D5-665F-4BAF-965D-CF879DE48142}.Release|Any CPU.Build.0 = Release|Any CPU
		{834AA00E-A768-4E2C-BE32-439626D526F9}.Debug|Any CPU.ActiveCfg = Debug|Any CPU
		{834AA00E-A768-4E2C-BE32-439626D526F9}.Debug|Any CPU.Build.0 = Debug|Any CPU
		{834AA00E-A768-4E2C-BE32-439626D526F9}.Release|Any CPU.ActiveCfg = Release|Any CPU
		{834AA00E-A768-4E2C-BE32-439626D526F9}.Release|Any CPU.Build.0 = Release|Any CPU
		{24BF018D-621D-4A28-8EF0-97A48E9B839F}.Debug|Any CPU.ActiveCfg = Debug|Any CPU
		{24BF018D-621D-4A28-8EF0-97A48E9B839F}.Debug|Any CPU.Build.0 = Debug|Any CPU
		{24BF018D-621D-4A28-8EF0-97A48E9B839F}.Release|Any CPU.ActiveCfg = Release|Any CPU
		{24BF018D-621D-4A28-8EF0-97A48E9B839F}.Release|Any CPU.Build.0 = Release|Any CPU
		{C237B1A8-6984-4FE7-99CC-A950C8B86390}.Debug|Any CPU.ActiveCfg = Debug|Any CPU
		{C237B1A8-6984-4FE7-99CC-A950C8B86390}.Debug|Any CPU.Build.0 = Debug|Any CPU
		{C237B1A8-6984-4FE7-99CC-A950C8B86390}.Release|Any CPU.ActiveCfg = Release|Any CPU
		{C237B1A8-6984-4FE7-99CC-A950C8B86390}.Release|Any CPU.Build.0 = Release|Any CPU
		{D514E4FD-48FB-4084-8B93-5220DF2565C1}.Debug|Any CPU.ActiveCfg = Debug|Any CPU
		{D514E4FD-48FB-4084-8B93-5220DF2565C1}.Debug|Any CPU.Build.0 = Debug|Any CPU
		{D514E4FD-48FB-4084-8B93-5220DF2565C1}.Release|Any CPU.ActiveCfg = Release|Any CPU
		{D514E4FD-48FB-4084-8B93-5220DF2565C1}.Release|Any CPU.Build.0 = Release|Any CPU
		{77AA67AD-FC70-425E-9407-695723F24AEB}.Debug|Any CPU.ActiveCfg = Debug|Any CPU
		{77AA67AD-FC70-425E-9407-695723F24AEB}.Debug|Any CPU.Build.0 = Debug|Any CPU
		{77AA67AD-FC70-425E-9407-695723F24AEB}.Release|Any CPU.ActiveCfg = Release|Any CPU
		{77AA67AD-FC70-425E-9407-695723F24AEB}.Release|Any CPU.Build.0 = Release|Any CPU
		{AEF18D7D-71B9-418C-90F5-E2FD25B8A019}.Debug|Any CPU.ActiveCfg = Debug|Any CPU
		{AEF18D7D-71B9-418C-90F5-E2FD25B8A019}.Debug|Any CPU.Build.0 = Debug|Any CPU
		{AEF18D7D-71B9-418C-90F5-E2FD25B8A019}.Release|Any CPU.ActiveCfg = Release|Any CPU
		{AEF18D7D-71B9-418C-90F5-E2FD25B8A019}.Release|Any CPU.Build.0 = Release|Any CPU
		{7021F6EC-8077-423C-9EC7-4B33F5187659}.Debug|Any CPU.ActiveCfg = Debug|Any CPU
		{7021F6EC-8077-423C-9EC7-4B33F5187659}.Debug|Any CPU.Build.0 = Debug|Any CPU
		{7021F6EC-8077-423C-9EC7-4B33F5187659}.Release|Any CPU.ActiveCfg = Release|Any CPU
		{7021F6EC-8077-423C-9EC7-4B33F5187659}.Release|Any CPU.Build.0 = Release|Any CPU
		{F6797B84-88FA-4C68-8DCB-CC4FB72F8C38}.Debug|Any CPU.ActiveCfg = Debug|Any CPU
		{F6797B84-88FA-4C68-8DCB-CC4FB72F8C38}.Debug|Any CPU.Build.0 = Debug|Any CPU
		{F6797B84-88FA-4C68-8DCB-CC4FB72F8C38}.Release|Any CPU.ActiveCfg = Release|Any CPU
		{F6797B84-88FA-4C68-8DCB-CC4FB72F8C38}.Release|Any CPU.Build.0 = Release|Any CPU
		{C031E45F-F827-43D8-B65A-239CB756C333}.Debug|Any CPU.ActiveCfg = Debug|Any CPU
		{C031E45F-F827-43D8-B65A-239CB756C333}.Debug|Any CPU.Build.0 = Debug|Any CPU
		{C031E45F-F827-43D8-B65A-239CB756C333}.Release|Any CPU.ActiveCfg = Release|Any CPU
		{C031E45F-F827-43D8-B65A-239CB756C333}.Release|Any CPU.Build.0 = Release|Any CPU
		{2DDB164A-6BEF-41A5-94A4-57757DBDE0B8}.Debug|Any CPU.ActiveCfg = Debug|Any CPU
		{2DDB164A-6BEF-41A5-94A4-57757DBDE0B8}.Debug|Any CPU.Build.0 = Debug|Any CPU
		{2DDB164A-6BEF-41A5-94A4-57757DBDE0B8}.Release|Any CPU.ActiveCfg = Release|Any CPU
		{2DDB164A-6BEF-41A5-94A4-57757DBDE0B8}.Release|Any CPU.Build.0 = Release|Any CPU
		{70675401-AEB2-442B-B7C5-52B76ADC0AC4}.Debug|Any CPU.ActiveCfg = Debug|Any CPU
		{70675401-AEB2-442B-B7C5-52B76ADC0AC4}.Debug|Any CPU.Build.0 = Debug|Any CPU
		{70675401-AEB2-442B-B7C5-52B76ADC0AC4}.Release|Any CPU.ActiveCfg = Release|Any CPU
		{70675401-AEB2-442B-B7C5-52B76ADC0AC4}.Release|Any CPU.Build.0 = Release|Any CPU
		{D1B2F8D7-E01E-48CF-9242-CC2AA37396DD}.Debug|Any CPU.ActiveCfg = Debug|Any CPU
		{D1B2F8D7-E01E-48CF-9242-CC2AA37396DD}.Debug|Any CPU.Build.0 = Debug|Any CPU
		{D1B2F8D7-E01E-48CF-9242-CC2AA37396DD}.Release|Any CPU.ActiveCfg = Release|Any CPU
		{D1B2F8D7-E01E-48CF-9242-CC2AA37396DD}.Release|Any CPU.Build.0 = Release|Any CPU
		{C6585BCE-31E3-444E-A862-E5D671BD17DC}.Debug|Any CPU.ActiveCfg = Debug|Any CPU
		{C6585BCE-31E3-444E-A862-E5D671BD17DC}.Debug|Any CPU.Build.0 = Debug|Any CPU
		{C6585BCE-31E3-444E-A862-E5D671BD17DC}.Release|Any CPU.ActiveCfg = Release|Any CPU
		{C6585BCE-31E3-444E-A862-E5D671BD17DC}.Release|Any CPU.Build.0 = Release|Any CPU
		{42ED6D77-B5CE-45FE-BCE3-2EF19623CCF7}.Debug|Any CPU.ActiveCfg = Debug|Any CPU
		{42ED6D77-B5CE-45FE-BCE3-2EF19623CCF7}.Debug|Any CPU.Build.0 = Debug|Any CPU
		{42ED6D77-B5CE-45FE-BCE3-2EF19623CCF7}.Release|Any CPU.ActiveCfg = Release|Any CPU
		{42ED6D77-B5CE-45FE-BCE3-2EF19623CCF7}.Release|Any CPU.Build.0 = Release|Any CPU
		{E9671172-E4B8-4959-AF04-681793F4FAAD}.Debug|Any CPU.ActiveCfg = Debug|Any CPU
		{E9671172-E4B8-4959-AF04-681793F4FAAD}.Debug|Any CPU.Build.0 = Debug|Any CPU
		{E9671172-E4B8-4959-AF04-681793F4FAAD}.Release|Any CPU.ActiveCfg = Release|Any CPU
		{E9671172-E4B8-4959-AF04-681793F4FAAD}.Release|Any CPU.Build.0 = Release|Any CPU
		{88A60B72-8B07-427C-A73F-A55B039F1423}.Debug|Any CPU.ActiveCfg = Debug|Any CPU
		{88A60B72-8B07-427C-A73F-A55B039F1423}.Debug|Any CPU.Build.0 = Debug|Any CPU
		{88A60B72-8B07-427C-A73F-A55B039F1423}.Release|Any CPU.ActiveCfg = Release|Any CPU
		{88A60B72-8B07-427C-A73F-A55B039F1423}.Release|Any CPU.Build.0 = Release|Any CPU
		{BEC28796-53B6-46C5-9DE9-B5A7C4C927E0}.Debug|Any CPU.ActiveCfg = Debug|Any CPU
		{BEC28796-53B6-46C5-9DE9-B5A7C4C927E0}.Debug|Any CPU.Build.0 = Debug|Any CPU
		{BEC28796-53B6-46C5-9DE9-B5A7C4C927E0}.Release|Any CPU.ActiveCfg = Release|Any CPU
		{BEC28796-53B6-46C5-9DE9-B5A7C4C927E0}.Release|Any CPU.Build.0 = Release|Any CPU
		{2CCD90BF-E9EB-47E3-8530-5D94A13AF650}.Debug|Any CPU.ActiveCfg = Debug|Any CPU
		{2CCD90BF-E9EB-47E3-8530-5D94A13AF650}.Debug|Any CPU.Build.0 = Debug|Any CPU
		{2CCD90BF-E9EB-47E3-8530-5D94A13AF650}.Release|Any CPU.ActiveCfg = Release|Any CPU
		{2CCD90BF-E9EB-47E3-8530-5D94A13AF650}.Release|Any CPU.Build.0 = Release|Any CPU
		{47725085-AFDB-4C33-AEB9-B41BF84BA766}.Debug|Any CPU.ActiveCfg = Debug|Any CPU
		{47725085-AFDB-4C33-AEB9-B41BF84BA766}.Debug|Any CPU.Build.0 = Debug|Any CPU
		{47725085-AFDB-4C33-AEB9-B41BF84BA766}.Release|Any CPU.ActiveCfg = Release|Any CPU
		{47725085-AFDB-4C33-AEB9-B41BF84BA766}.Release|Any CPU.Build.0 = Release|Any CPU
	EndGlobalSection
	GlobalSection(SolutionProperties) = preSolution
		HideSolutionNode = FALSE
	EndGlobalSection
	GlobalSection(ExtensibilityGlobals) = postSolution
		SolutionGuid = {2157BF8A-3E43-497E-8DA4-59C74B1A54FB}
	EndGlobalSection
EndGlobal
